{
	"name": "directus-extension-o2m-tree-view",
	"version": "1.0.3",
	"lockfileVersion": 3,
	"requires": true,
	"packages": {
		"": {
			"name": "directus-extension-o2m-tree-view",
			"version": "1.0.3",
			"dependencies": {
				"@directus/composables": "^10.1.13",
				"pinia": "^2.1.7"
			},
			"devDependencies": {
				"@directus/app": "file:../../../app",
				"@directus/extensions-sdk": "/Users/florianleica/WAB/directus/packages/extensions-sdk",
				"vue": "^3.4.27"
			}
		},
		"../../../app": {
			"name": "@directus/app",
			"version": "12.1.2",
			"dev": true,
			"license": "BUSL-1.1",
			"devDependencies": {
				"@directus/composables": "workspace:*",
				"@directus/constants": "workspace:*",
				"@directus/errors": "workspace:*",
				"@directus/extensions": "workspace:*",
				"@directus/extensions-registry": "workspace:*",
				"@directus/extensions-sdk": "workspace:*",
				"@directus/format-title": "workspace:*",
				"@directus/random": "workspace:*",
				"@directus/sdk": "workspace:*",
				"@directus/stores": "workspace:*",
				"@directus/system-data": "workspace:*",
				"@directus/themes": "workspace:*",
				"@directus/tsconfig": "workspace:*",
				"@directus/types": "workspace:*",
				"@directus/utils": "workspace:*",
				"@directus/validation": "workspace:*",
				"@editorjs/attaches": "1.3.0",
				"@editorjs/checklist": "1.6.0",
				"@editorjs/code": "2.9.0",
				"@editorjs/delimiter": "1.4.0",
				"@editorjs/editorjs": "2.29.1",
				"@editorjs/embed": "2.7.2",
				"@editorjs/header": "2.8.1",
				"@editorjs/image": "2.9.0",
				"@editorjs/inline-code": "1.5.0",
				"@editorjs/nested-list": "1.4.2",
				"@editorjs/paragraph": "2.11.4",
				"@editorjs/quote": "2.6.0",
				"@editorjs/raw": "2.5.0",
				"@editorjs/table": "2.3.0",
				"@editorjs/underline": "1.1.0",
				"@fortawesome/fontawesome-svg-core": "6.5.2",
				"@fortawesome/free-brands-svg-icons": "6.5.2",
				"@fullcalendar/core": "6.1.7",
				"@fullcalendar/daygrid": "6.1.7",
				"@fullcalendar/interaction": "6.1.7",
				"@fullcalendar/list": "6.1.7",
				"@fullcalendar/timegrid": "6.1.7",
				"@histoire/plugin-vue": "0.17.17",
				"@joeattardi/emoji-button": "4.6.4",
				"@json2csv/plainjs": "7.0.6",
				"@mapbox/mapbox-gl-draw": "1.4.3",
				"@mapbox/mapbox-gl-draw-static-mode": "1.0.1",
				"@mapbox/mapbox-gl-geocoder": "5.0.2",
				"@ngneat/falso": "7.2.0",
				"@pinia/testing": "0.1.3",
				"@popperjs/core": "2.11.8",
				"@rollup/plugin-yaml": "4.1.2",
				"@sindresorhus/slugify": "2.2.1",
				"@tinymce/tinymce-vue": "5.1.1",
				"@turf/meta": "6.5.0",
				"@types/base-64": "1.0.2",
				"@types/chroma-js": "2.4.4",
				"@types/codemirror": "5.60.15",
				"@types/color": "3.0.6",
				"@types/diacritics": "1.3.3",
				"@types/diff": "5.2.1",
				"@types/dompurify": "3.0.5",
				"@types/file-saver": "2.0.7",
				"@types/geojson": "7946.0.14",
				"@types/lodash": "4.17.1",
				"@types/mapbox__mapbox-gl-draw": "1.4.6",
				"@types/mapbox__mapbox-gl-geocoder": "4.7.7",
				"@types/qrcode": "1.5.5",
				"@types/semver": "7.5.8",
				"@types/wellknown": "0.5.8",
				"@unhead/addons": "1.9.9",
				"@unhead/vue": "1.9.9",
				"@vitejs/plugin-vue": "5.0.4",
				"@vue/test-utils": "2.4.6",
				"@vueuse/core": "10.9.0",
				"@vueuse/router": "10.9.0",
				"apexcharts": "3.49.1",
				"axios": "1.7.2",
				"base-64": "1.0.0",
				"caret-pos": "2.0.0",
				"chroma-js": "2.4.2",
				"codemirror": "5.65.16",
				"color": "4.2.3",
				"cropperjs": "1.6.2",
				"date-fns": "3.6.0",
				"diacritics": "1.3.0",
				"diff": "5.2.0",
				"dompurify": "3.1.2",
				"editorjs-toggle-block": "0.3.16",
				"escape-string-regexp": "5.0.0",
				"file-saver": "2.0.5",
				"flatpickr": "4.6.13",
				"geojson": "0.5.0",
				"happy-dom": "14.11.0",
				"histoire": "0.17.17",
				"html-entities": "2.5.2",
				"json-to-graphql-query": "2.2.5",
				"jsonlint-mod": "1.7.6",
				"lodash": "4.17.21",
				"mapbox-gl": "1.13.3",
				"maplibre-gl": "1.15.3",
				"marked": "12.0.2",
				"micromustache": "8.0.3",
				"mime": "4.0.3",
				"mitt": "3.0.1",
				"nanoid": "5.0.7",
				"ofetch": "1.3.4",
				"p-queue": "8.0.1",
				"pinia": "2.1.7",
				"pretty-ms": "9.0.0",
				"qrcode": "1.5.3",
				"sass": "1.77.2",
				"semver": "7.6.2",
				"tinymce": "7.1.0",
				"typescript": "5.4.5",
				"vite": "5.2.11",
				"vitest": "1.5.3",
				"vue": "3.4.27",
				"vue-i18n": "9.13.1",
				"vue-router": "4.3.2",
				"vue-tsc": "2.0.16",
				"vuedraggable": "4.1.0",
				"wellknown": "0.5.0"
			},
			"funding": {
				"url": "https://github.com/directus/directus?sponsor=1"
			}
		},
		"../../../app/composables": {
			"extraneous": true
		},
		"../../../directus/packages/extensions-sdk": {
			"version": "11.0.6",
			"extraneous": true,
			"license": "MIT",
			"dependencies": {
				"@directus/composables": "workspace:*",
				"@directus/constants": "workspace:*",
				"@directus/extensions": "workspace:*",
				"@directus/themes": "workspace:*",
				"@directus/types": "workspace:*",
				"@directus/utils": "workspace:*",
				"@rollup/plugin-commonjs": "25.0.7",
				"@rollup/plugin-json": "6.1.0",
				"@rollup/plugin-node-resolve": "15.2.3",
				"@rollup/plugin-replace": "5.0.5",
				"@rollup/plugin-terser": "0.4.4",
				"@rollup/plugin-virtual": "3.0.2",
				"@vitejs/plugin-vue": "4.6.2",
				"chalk": "5.3.0",
				"commander": "10.0.1",
				"esbuild": "0.17.19",
				"execa": "7.2.0",
				"fs-extra": "11.2.0",
				"inquirer": "9.2.22",
				"ora": "6.3.1",
				"rollup": "3.29.4",
				"rollup-plugin-esbuild": "5.0.0",
				"rollup-plugin-styles": "4.0.0",
				"vite": "4.5.2",
				"vue": "3.4.27"
			},
			"bin": {
				"directus-extension": "cli.js"
			},
			"devDependencies": {
				"@directus/tsconfig": "workspace:*",
				"@types/fs-extra": "11.0.4",
				"@types/inquirer": "9.0.7",
				"@vitest/coverage-v8": "1.5.3",
				"typescript": "5.4.5",
				"vitest": "1.5.3"
			},
			"engines": {
				"node": ">=12.20.0"
			},
			"funding": {
				"url": "https://github.com/directus/directus?sponsor=1"
			}
		},
		"../../../packages/extensions-sdk": {
			"name": "@directus/extensions-sdk",
			"version": "11.0.6",
			"dev": true,
			"license": "MIT",
			"dependencies": {
				"@directus/composables": "workspace:*",
				"@directus/constants": "workspace:*",
				"@directus/extensions": "workspace:*",
				"@directus/themes": "workspace:*",
				"@directus/types": "workspace:*",
				"@directus/utils": "workspace:*",
				"@rollup/plugin-commonjs": "25.0.7",
				"@rollup/plugin-json": "6.1.0",
				"@rollup/plugin-node-resolve": "15.2.3",
				"@rollup/plugin-replace": "5.0.5",
				"@rollup/plugin-terser": "0.4.4",
				"@rollup/plugin-virtual": "3.0.2",
				"@vitejs/plugin-vue": "4.6.2",
				"chalk": "5.3.0",
				"commander": "10.0.1",
				"esbuild": "0.17.19",
				"execa": "7.2.0",
				"fs-extra": "11.2.0",
				"inquirer": "9.2.22",
				"ora": "6.3.1",
				"rollup": "3.29.4",
				"rollup-plugin-esbuild": "5.0.0",
				"rollup-plugin-styles": "4.0.0",
				"vite": "4.5.2",
				"vue": "3.4.27"
			},
			"bin": {
				"directus-extension": "cli.js"
			},
			"devDependencies": {
				"@directus/tsconfig": "workspace:*",
				"@types/fs-extra": "11.0.4",
				"@types/inquirer": "9.0.7",
				"@vitest/coverage-v8": "1.5.3",
				"typescript": "5.4.5",
				"vitest": "1.5.3"
			},
			"engines": {
				"node": ">=12.20.0"
			},
			"funding": {
				"url": "https://github.com/directus/directus?sponsor=1"
			}
		},
		"node_modules/@babel/parser": {
			"version": "7.24.6",
			"resolved": "https://registry.npmjs.org/@babel/parser/-/parser-7.24.6.tgz",
			"integrity": "sha512-eNZXdfU35nJC2h24RznROuOpO94h6x8sg9ju0tT9biNtLZ2vuP8SduLqqV+/8+cebSLV9SJEAN5Z3zQbJG/M+Q==",
			"bin": {
				"parser": "bin/babel-parser.js"
			},
			"engines": {
				"node": ">=6.0.0"
			}
		},
		"node_modules/@directus/app": {
			"resolved": "../../../app",
			"link": true
		},
		"node_modules/@directus/composables": {
			"version": "10.1.13",
			"resolved": "https://registry.npmjs.org/@directus/composables/-/composables-10.1.13.tgz",
			"integrity": "sha512-Xfp7i5epRvQrdOldNAaC8a8cZQKK5q+9wqe2LFW2fQNOuUUt6L9c2QnMEWjnrS90mWykJXQH/b0Z2iVxyNNTYw==",
			"dependencies": {
				"@directus/constants": "11.0.4",
				"@directus/utils": "11.0.8",
				"axios": "1.6.8",
				"lodash-es": "4.17.21",
				"nanoid": "5.0.7"
			},
			"funding": {
				"url": "https://github.com/directus/directus?sponsor=1"
			},
			"peerDependencies": {
				"vue": "^3.4"
			}
		},
		"node_modules/@directus/constants": {
			"version": "11.0.4",
			"resolved": "https://registry.npmjs.org/@directus/constants/-/constants-11.0.4.tgz",
			"integrity": "sha512-n44zwhZBy0YlMrtQFVtnHVAOk/dfefCSQD4qJBq1C1waXMEheG1ph5FVoa95nauq6jmdTILUibiChTfoFMVNPg==",
			"funding": {
				"url": "https://github.com/directus/directus?sponsor=1"
			}
		},
		"node_modules/@directus/extensions-sdk": {
			"resolved": "../../../packages/extensions-sdk",
			"link": true
		},
		"node_modules/@directus/system-data": {
			"version": "1.0.3",
			"resolved": "https://registry.npmjs.org/@directus/system-data/-/system-data-1.0.3.tgz",
			"integrity": "sha512-Dr7w2RZiX3/+kBOLqz8KkMHXmDhzVVraaK+CLQNgsB1FOxotuegyWfQxTi+YvDhH9gEs8/yZZBKeyQetcTQfSg==",
			"funding": {
				"url": "https://github.com/directus/directus?sponsor=1"
			}
		},
		"node_modules/@directus/utils": {
			"version": "11.0.8",
			"resolved": "https://registry.npmjs.org/@directus/utils/-/utils-11.0.8.tgz",
			"integrity": "sha512-NUB3RogXH0D/okqhYMUbZqe0BSAJUytHM+wMzuJBLI42WekIQ3fihubFGanf2CmOT4zBK8P8KFyjmmpxQuvIaA==",
			"dependencies": {
				"@directus/constants": "11.0.4",
				"@directus/system-data": "1.0.3",
				"date-fns": "3.6.0",
				"fs-extra": "11.2.0",
				"joi": "17.13.1",
				"js-yaml": "4.1.0",
				"lodash-es": "4.17.21",
				"micromustache": "8.0.3"
			},
			"funding": {
				"url": "https://github.com/directus/directus?sponsor=1"
			},
			"peerDependencies": {
				"vue": "^3.4"
			},
			"peerDependenciesMeta": {
				"vue": {
					"optional": true
				}
			}
		},
		"node_modules/@hapi/hoek": {
			"version": "9.3.0",
			"resolved": "https://registry.npmjs.org/@hapi/hoek/-/hoek-9.3.0.tgz",
			"integrity": "sha512-/c6rf4UJlmHlC9b5BaNvzAcFv7HZ2QHaV0D4/HNlBdvFnvQq8RI4kYdhyPCl7Xj+oWvTWQ8ujhqS53LIgAe6KQ=="
		},
		"node_modules/@hapi/topo": {
			"version": "5.1.0",
			"resolved": "https://registry.npmjs.org/@hapi/topo/-/topo-5.1.0.tgz",
			"integrity": "sha512-foQZKJig7Ob0BMAYBfcJk8d77QtOe7Wo4ox7ff1lQYoNNAb6jwcY1ncdoy2e9wQZzvNy7ODZCYJkK8kzmcAnAg==",
			"dependencies": {
				"@hapi/hoek": "^9.0.0"
			}
		},
		"node_modules/@jridgewell/sourcemap-codec": {
			"version": "1.4.15",
			"resolved": "https://registry.npmjs.org/@jridgewell/sourcemap-codec/-/sourcemap-codec-1.4.15.tgz",
			"integrity": "sha512-eF2rxCRulEKXHTRiDrDy6erMYWqNw4LPdQ8UQA4huuxaQsVeRPFl2oM8oDGxMFhJUWZf9McpLtJasDDZb/Bpeg=="
		},
		"node_modules/@sideway/address": {
			"version": "4.1.5",
			"resolved": "https://registry.npmjs.org/@sideway/address/-/address-4.1.5.tgz",
			"integrity": "sha512-IqO/DUQHUkPeixNQ8n0JA6102hT9CmaljNTPmQ1u8MEhBo/R4Q8eKLN/vGZxuebwOroDB4cbpjheD4+/sKFK4Q==",
			"dependencies": {
				"@hapi/hoek": "^9.0.0"
			}
		},
		"node_modules/@sideway/formula": {
			"version": "3.0.1",
			"resolved": "https://registry.npmjs.org/@sideway/formula/-/formula-3.0.1.tgz",
			"integrity": "sha512-/poHZJJVjx3L+zVD6g9KgHfYnb443oi7wLu/XKojDviHy6HOEOA6z1Trk5aR1dGcmPenJEgb2sK2I80LeS3MIg=="
		},
		"node_modules/@sideway/pinpoint": {
			"version": "2.0.0",
			"resolved": "https://registry.npmjs.org/@sideway/pinpoint/-/pinpoint-2.0.0.tgz",
			"integrity": "sha512-RNiOoTPkptFtSVzQevY/yWtZwf/RxyVnPy/OcA9HBM3MlGDnBEYL5B41H0MTn0Uec8Hi+2qUtTfG2WWZBmMejQ=="
		},
		"node_modules/@vue/compiler-core": {
			"version": "3.4.27",
			"resolved": "https://registry.npmjs.org/@vue/compiler-core/-/compiler-core-3.4.27.tgz",
			"integrity": "sha512-E+RyqY24KnyDXsCuQrI+mlcdW3ALND6U7Gqa/+bVwbcpcR3BRRIckFoz7Qyd4TTlnugtwuI7YgjbvsLmxb+yvg==",
			"dependencies": {
				"@babel/parser": "^7.24.4",
				"@vue/shared": "3.4.27",
				"entities": "^4.5.0",
				"estree-walker": "^2.0.2",
				"source-map-js": "^1.2.0"
			}
		},
		"node_modules/@vue/compiler-core/node_modules/entities": {
			"version": "4.5.0",
			"resolved": "https://registry.npmjs.org/entities/-/entities-4.5.0.tgz",
			"integrity": "sha512-V0hjH4dGPh9Ao5p0MoRY6BVqtwCjhz6vI5LT8AJ55H+4g9/4vbHx1I54fS0XuclLhDHArPQCiMjDxjaL8fPxhw==",
			"engines": {
				"node": ">=0.12"
			},
			"funding": {
				"url": "https://github.com/fb55/entities?sponsor=1"
			}
		},
		"node_modules/@vue/compiler-dom": {
			"version": "3.4.27",
			"resolved": "https://registry.npmjs.org/@vue/compiler-dom/-/compiler-dom-3.4.27.tgz",
			"integrity": "sha512-kUTvochG/oVgE1w5ViSr3KUBh9X7CWirebA3bezTbB5ZKBQZwR2Mwj9uoSKRMFcz4gSMzzLXBPD6KpCLb9nvWw==",
			"dependencies": {
				"@vue/compiler-core": "3.4.27",
				"@vue/shared": "3.4.27"
			}
		},
		"node_modules/@vue/compiler-sfc": {
			"version": "3.4.27",
			"resolved": "https://registry.npmjs.org/@vue/compiler-sfc/-/compiler-sfc-3.4.27.tgz",
			"integrity": "sha512-nDwntUEADssW8e0rrmE0+OrONwmRlegDA1pD6QhVeXxjIytV03yDqTey9SBDiALsvAd5U4ZrEKbMyVXhX6mCGA==",
			"dependencies": {
				"@babel/parser": "^7.24.4",
				"@vue/compiler-core": "3.4.27",
				"@vue/compiler-dom": "3.4.27",
				"@vue/compiler-ssr": "3.4.27",
				"@vue/shared": "3.4.27",
				"estree-walker": "^2.0.2",
				"magic-string": "^0.30.10",
				"postcss": "^8.4.38",
				"source-map-js": "^1.2.0"
			}
		},
		"node_modules/@vue/compiler-ssr": {
			"version": "3.4.27",
			"resolved": "https://registry.npmjs.org/@vue/compiler-ssr/-/compiler-ssr-3.4.27.tgz",
			"integrity": "sha512-CVRzSJIltzMG5FcidsW0jKNQnNRYC8bT21VegyMMtHmhW3UOI7knmUehzswXLrExDLE6lQCZdrhD4ogI7c+vuw==",
			"dependencies": {
				"@vue/compiler-dom": "3.4.27",
				"@vue/shared": "3.4.27"
			}
		},
		"node_modules/@vue/devtools-api": {
			"version": "6.6.1",
			"resolved": "https://registry.npmjs.org/@vue/devtools-api/-/devtools-api-6.6.1.tgz",
			"integrity": "sha512-LgPscpE3Vs0x96PzSSB4IGVSZXZBZHpfxs+ZA1d+VEPwHdOXowy/Y2CsvCAIFrf+ssVU1pD1jidj505EpUnfbA=="
		},
		"node_modules/@vue/reactivity": {
			"version": "3.4.27",
			"resolved": "https://registry.npmjs.org/@vue/reactivity/-/reactivity-3.4.27.tgz",
			"integrity": "sha512-kK0g4NknW6JX2yySLpsm2jlunZJl2/RJGZ0H9ddHdfBVHcNzxmQ0sS0b09ipmBoQpY8JM2KmUw+a6sO8Zo+zIA==",
			"dependencies": {
				"@vue/shared": "3.4.27"
			}
		},
		"node_modules/@vue/runtime-core": {
			"version": "3.4.27",
			"resolved": "https://registry.npmjs.org/@vue/runtime-core/-/runtime-core-3.4.27.tgz",
			"integrity": "sha512-7aYA9GEbOOdviqVvcuweTLe5Za4qBZkUY7SvET6vE8kyypxVgaT1ixHLg4urtOlrApdgcdgHoTZCUuTGap/5WA==",
			"dependencies": {
				"@vue/reactivity": "3.4.27",
				"@vue/shared": "3.4.27"
			}
		},
		"node_modules/@vue/runtime-dom": {
			"version": "3.4.27",
			"resolved": "https://registry.npmjs.org/@vue/runtime-dom/-/runtime-dom-3.4.27.tgz",
			"integrity": "sha512-ScOmP70/3NPM+TW9hvVAz6VWWtZJqkbdf7w6ySsws+EsqtHvkhxaWLecrTorFxsawelM5Ys9FnDEMt6BPBDS0Q==",
			"dependencies": {
				"@vue/runtime-core": "3.4.27",
				"@vue/shared": "3.4.27",
				"csstype": "^3.1.3"
			}
		},
		"node_modules/@vue/server-renderer": {
			"version": "3.4.27",
			"resolved": "https://registry.npmjs.org/@vue/server-renderer/-/server-renderer-3.4.27.tgz",
			"integrity": "sha512-dlAMEuvmeA3rJsOMJ2J1kXU7o7pOxgsNHVr9K8hB3ImIkSuBrIdy0vF66h8gf8Tuinf1TK3mPAz2+2sqyf3KzA==",
			"dependencies": {
				"@vue/compiler-ssr": "3.4.27",
				"@vue/shared": "3.4.27"
			},
			"peerDependencies": {
				"vue": "3.4.27"
			}
		},
		"node_modules/@vue/shared": {
			"version": "3.4.27",
			"resolved": "https://registry.npmjs.org/@vue/shared/-/shared-3.4.27.tgz",
			"integrity": "sha512-DL3NmY2OFlqmYYrzp39yi3LDkKxa5vZVwxWdQ3rG0ekuWscHraeIbnI8t+aZK7qhYqEqWKTUdijadunb9pnrgA=="
		},
		"node_modules/argparse": {
			"version": "2.0.1",
			"resolved": "https://registry.npmjs.org/argparse/-/argparse-2.0.1.tgz",
			"integrity": "sha512-8+9WqebbFzpX9OR+Wa6O29asIogeRMzcGtAINdpMHHyAg10f05aSFVBbcEqGf/PXw1EjAZ+q2/bEBg3DvurK3Q=="
		},
		"node_modules/asynckit": {
			"version": "0.4.0",
			"resolved": "https://registry.npmjs.org/asynckit/-/asynckit-0.4.0.tgz",
			"integrity": "sha512-Oei9OH4tRh0YqU3GxhX79dM/mwVgvbZJaSNaRk+bshkj0S5cfHcgYakreBjrHwatXKbz+IoIdYLxrKim2MjW0Q=="
		},
		"node_modules/axios": {
			"version": "1.6.8",
			"resolved": "https://registry.npmjs.org/axios/-/axios-1.6.8.tgz",
			"integrity": "sha512-v/ZHtJDU39mDpyBoFVkETcd/uNdxrWRrg3bKpOKzXFA6Bvqopts6ALSMU3y6ijYxbw2B+wPrIv46egTzJXCLGQ==",
			"dependencies": {
				"follow-redirects": "^1.15.6",
				"form-data": "^4.0.0",
				"proxy-from-env": "^1.1.0"
			}
		},
		"node_modules/combined-stream": {
			"version": "1.0.8",
			"resolved": "https://registry.npmjs.org/combined-stream/-/combined-stream-1.0.8.tgz",
			"integrity": "sha512-FQN4MRfuJeHf7cBbBMJFXhKSDq+2kAArBlmRBvcvFE5BB1HZKXtSFASDhdlz9zOYwxh8lDdnvmMOe/+5cdoEdg==",
			"dependencies": {
				"delayed-stream": "~1.0.0"
			},
			"engines": {
				"node": ">= 0.8"
			}
		},
		"node_modules/csstype": {
			"version": "3.1.3",
			"resolved": "https://registry.npmjs.org/csstype/-/csstype-3.1.3.tgz",
			"integrity": "sha512-M1uQkMl8rQK/szD0LNhtqxIPLpimGm8sOBwU7lLnCpSbTyY3yeU1Vc7l4KT5zT4s/yOxHH5O7tIuuLOCnLADRw=="
		},
		"node_modules/date-fns": {
			"version": "3.6.0",
			"resolved": "https://registry.npmjs.org/date-fns/-/date-fns-3.6.0.tgz",
			"integrity": "sha512-fRHTG8g/Gif+kSh50gaGEdToemgfj74aRX3swtiouboip5JDLAyDE9F11nHMIcvOaXeOC6D7SpNhi7uFyB7Uww==",
			"funding": {
				"type": "github",
				"url": "https://github.com/sponsors/kossnocorp"
			}
		},
		"node_modules/delayed-stream": {
			"version": "1.0.0",
			"resolved": "https://registry.npmjs.org/delayed-stream/-/delayed-stream-1.0.0.tgz",
			"integrity": "sha512-ZySD7Nf91aLB0RxL4KGrKHBXl7Eds1DAmEdcoVawXnLD7SDhpNgtuII2aAkg7a7QS41jxPSZ17p4VdGnMHk3MQ==",
			"engines": {
				"node": ">=0.4.0"
			}
		},
		"node_modules/estree-walker": {
			"version": "2.0.2",
			"resolved": "https://registry.npmjs.org/estree-walker/-/estree-walker-2.0.2.tgz",
			"integrity": "sha512-Rfkk/Mp/DL7JVje3u18FxFujQlTNR2q6QfMSMB7AvCBx91NGj/ba3kCfza0f6dVDbw7YlRf/nDrn7pQrCCyQ/w=="
		},
		"node_modules/follow-redirects": {
			"version": "1.15.6",
			"resolved": "https://registry.npmjs.org/follow-redirects/-/follow-redirects-1.15.6.tgz",
			"integrity": "sha512-wWN62YITEaOpSK584EZXJafH1AGpO8RVgElfkuXbTOrPX4fIfOyEpW/CsiNd8JdYrAoOvafRTOEnvsO++qCqFA==",
			"funding": [
				{
					"type": "individual",
					"url": "https://github.com/sponsors/RubenVerborgh"
				}
			],
			"engines": {
				"node": ">=4.0"
			},
			"peerDependenciesMeta": {
				"debug": {
					"optional": true
				}
			}
		},
		"node_modules/form-data": {
			"version": "4.0.0",
			"resolved": "https://registry.npmjs.org/form-data/-/form-data-4.0.0.tgz",
			"integrity": "sha512-ETEklSGi5t0QMZuiXoA/Q6vcnxcLQP5vdugSpuAyi6SVGi2clPPp+xgEhuMaHC+zGgn31Kd235W35f7Hykkaww==",
			"dependencies": {
				"asynckit": "^0.4.0",
				"combined-stream": "^1.0.8",
				"mime-types": "^2.1.12"
			},
			"engines": {
				"node": ">= 6"
			}
		},
		"node_modules/fs-extra": {
			"version": "11.2.0",
			"resolved": "https://registry.npmjs.org/fs-extra/-/fs-extra-11.2.0.tgz",
			"integrity": "sha512-PmDi3uwK5nFuXh7XDTlVnS17xJS7vW36is2+w3xcv8SVxiB4NyATf4ctkVY5bkSjX0Y4nbvZCq1/EjtEyr9ktw==",
			"dependencies": {
				"graceful-fs": "^4.2.0",
				"jsonfile": "^6.0.1",
				"universalify": "^2.0.0"
			},
			"engines": {
				"node": ">=14.14"
			}
		},
		"node_modules/graceful-fs": {
			"version": "4.2.11",
			"resolved": "https://registry.npmjs.org/graceful-fs/-/graceful-fs-4.2.11.tgz",
			"integrity": "sha512-RbJ5/jmFcNNCcDV5o9eTnBLJ/HszWV0P73bc+Ff4nS/rJj+YaS6IGyiOL0VoBYX+l1Wrl3k63h/KrH+nhJ0XvQ=="
		},
		"node_modules/joi": {
			"version": "17.13.1",
			"resolved": "https://registry.npmjs.org/joi/-/joi-17.13.1.tgz",
			"integrity": "sha512-vaBlIKCyo4FCUtCm7Eu4QZd/q02bWcxfUO6YSXAZOWF6gzcLBeba8kwotUdYJjDLW8Cz8RywsSOqiNJZW0mNvg==",
			"dependencies": {
				"@hapi/hoek": "^9.3.0",
				"@hapi/topo": "^5.1.0",
				"@sideway/address": "^4.1.5",
				"@sideway/formula": "^3.0.1",
				"@sideway/pinpoint": "^2.0.0"
			}
		},
		"node_modules/js-yaml": {
			"version": "4.1.0",
			"resolved": "https://registry.npmjs.org/js-yaml/-/js-yaml-4.1.0.tgz",
			"integrity": "sha512-wpxZs9NoxZaJESJGIZTyDEaYpl0FKSA+FB9aJiyemKhMwkxQg63h4T1KJgUGHpTqPDNRcmmYLugrRjJlBtWvRA==",
			"dependencies": {
				"argparse": "^2.0.1"
			},
			"bin": {
				"js-yaml": "bin/js-yaml.js"
			}
		},
		"node_modules/jsonfile": {
			"version": "6.1.0",
			"resolved": "https://registry.npmjs.org/jsonfile/-/jsonfile-6.1.0.tgz",
			"integrity": "sha512-5dgndWOriYSm5cnYaJNhalLNDKOqFwyDB/rr1E9ZsGciGvKPs8R2xYGCacuf3z6K1YKDz182fd+fY3cn3pMqXQ==",
			"dependencies": {
				"universalify": "^2.0.0"
			},
			"optionalDependencies": {
				"graceful-fs": "^4.1.6"
			}
		},
		"node_modules/lodash-es": {
			"version": "4.17.21",
			"resolved": "https://registry.npmjs.org/lodash-es/-/lodash-es-4.17.21.tgz",
			"integrity": "sha512-mKnC+QJ9pWVzv+C4/U3rRsHapFfHvQFoFB92e52xeyGMcX6/OlIl78je1u8vePzYZSkkogMPJ2yjxxsb89cxyw=="
		},
		"node_modules/magic-string": {
			"version": "0.30.10",
			"resolved": "https://registry.npmjs.org/magic-string/-/magic-string-0.30.10.tgz",
			"integrity": "sha512-iIRwTIf0QKV3UAnYK4PU8uiEc4SRh5jX0mwpIwETPpHdhVM4f53RSwS/vXvN1JhGX+Cs7B8qIq3d6AH49O5fAQ==",
			"dependencies": {
				"@jridgewell/sourcemap-codec": "^1.4.15"
			}
		},
		"node_modules/micromustache": {
			"version": "8.0.3",
			"resolved": "https://registry.npmjs.org/micromustache/-/micromustache-8.0.3.tgz",
			"integrity": "sha512-SXjrEPuYNtWq0reR9LR2nHdzdQx/3re9HPcDGjm00L7hi2RsH5KMRBhYEBvPdyQC51RW/2TznjwX/sQLPPyHNw==",
			"engines": {
				"node": ">=8"
			},
			"funding": {
				"url": "https://github.com/userpixel/micromustache/blob/master/.github/FUNDING.yml"
			}
		},
		"node_modules/mime-db": {
			"version": "1.52.0",
			"resolved": "https://registry.npmjs.org/mime-db/-/mime-db-1.52.0.tgz",
			"integrity": "sha512-sPU4uV7dYlvtWJxwwxHD0PuihVNiE7TyAbQ5SWxDCB9mUYvOgroQOwYQQOKPJ8CIbE+1ETVlOoK1UC2nU3gYvg==",
			"engines": {
				"node": ">= 0.6"
			}
		},
		"node_modules/mime-types": {
			"version": "2.1.35",
			"resolved": "https://registry.npmjs.org/mime-types/-/mime-types-2.1.35.tgz",
			"integrity": "sha512-ZDY+bPm5zTTF+YpCrAU9nK0UgICYPT0QtT1NZWFv4s++TNkcgVaT0g6+4R2uI4MjQjzysHB1zxuWL50hzaeXiw==",
			"dependencies": {
				"mime-db": "1.52.0"
			},
			"engines": {
				"node": ">= 0.6"
			}
		},
		"node_modules/nanoid": {
			"version": "5.0.7",
			"resolved": "https://registry.npmjs.org/nanoid/-/nanoid-5.0.7.tgz",
			"integrity": "sha512-oLxFY2gd2IqnjcYyOXD8XGCftpGtZP2AbHbOkthDkvRywH5ayNtPVy9YlOPcHckXzbLTCHpkb7FB+yuxKV13pQ==",
			"funding": [
				{
					"type": "github",
					"url": "https://github.com/sponsors/ai"
				}
			],
			"bin": {
				"nanoid": "bin/nanoid.js"
			},
			"engines": {
				"node": "^18 || >=20"
			}
		},
		"node_modules/picocolors": {
			"version": "1.0.1",
			"resolved": "https://registry.npmjs.org/picocolors/-/picocolors-1.0.1.tgz",
			"integrity": "sha512-anP1Z8qwhkbmu7MFP5iTt+wQKXgwzf7zTyGlcdzabySa9vd0Xt392U0rVmz9poOaBj0uHJKyyo9/upk0HrEQew=="
		},
		"node_modules/pinia": {
			"version": "2.1.7",
			"resolved": "https://registry.npmjs.org/pinia/-/pinia-2.1.7.tgz",
			"integrity": "sha512-+C2AHFtcFqjPih0zpYuvof37SFxMQ7OEG2zV9jRI12i9BOy3YQVAHwdKtyyc8pDcDyIc33WCIsZaCFWU7WWxGQ==",
			"dependencies": {
				"@vue/devtools-api": "^6.5.0",
				"vue-demi": ">=0.14.5"
			},
			"funding": {
				"url": "https://github.com/sponsors/posva"
			},
			"peerDependencies": {
				"@vue/composition-api": "^1.4.0",
				"typescript": ">=4.4.4",
				"vue": "^2.6.14 || ^3.3.0"
			},
			"peerDependenciesMeta": {
				"@vue/composition-api": {
					"optional": true
				},
				"typescript": {
					"optional": true
				}
			}
		},
		"node_modules/pinia/node_modules/vue-demi": {
			"version": "0.14.8",
			"resolved": "https://registry.npmjs.org/vue-demi/-/vue-demi-0.14.8.tgz",
			"integrity": "sha512-Uuqnk9YE9SsWeReYqK2alDI5YzciATE0r2SkA6iMAtuXvNTMNACJLJEXNXaEy94ECuBe4Sk6RzRU80kjdbIo1Q==",
			"hasInstallScript": true,
			"bin": {
				"vue-demi-fix": "bin/vue-demi-fix.js",
				"vue-demi-switch": "bin/vue-demi-switch.js"
			},
			"engines": {
				"node": ">=12"
			},
			"funding": {
				"url": "https://github.com/sponsors/antfu"
			},
			"peerDependencies": {
				"@vue/composition-api": "^1.0.0-rc.1",
				"vue": "^3.0.0-0 || ^2.6.0"
			},
			"peerDependenciesMeta": {
				"@vue/composition-api": {
					"optional": true
				}
			}
		},
		"node_modules/postcss": {
			"version": "8.4.38",
			"resolved": "https://registry.npmjs.org/postcss/-/postcss-8.4.38.tgz",
			"integrity": "sha512-Wglpdk03BSfXkHoQa3b/oulrotAkwrlLDRSOb9D0bN86FdRyE9lppSp33aHNPgBa0JKCoB+drFLZkQoRRYae5A==",
			"funding": [
				{
					"type": "opencollective",
					"url": "https://opencollective.com/postcss/"
				},
				{
					"type": "tidelift",
					"url": "https://tidelift.com/funding/github/npm/postcss"
				},
				{
					"type": "github",
					"url": "https://github.com/sponsors/ai"
				}
			],
			"dependencies": {
				"nanoid": "^3.3.7",
				"picocolors": "^1.0.0",
				"source-map-js": "^1.2.0"
			},
			"engines": {
				"node": "^10 || ^12 || >=14"
			}
		},
		"node_modules/postcss/node_modules/nanoid": {
			"version": "3.3.7",
			"resolved": "https://registry.npmjs.org/nanoid/-/nanoid-3.3.7.tgz",
			"integrity": "sha512-eSRppjcPIatRIMC1U6UngP8XFcz8MQWGQdt1MTBQ7NaAmvXDfvNxbvWV3x2y6CdEUciCSsDHDQZbhYaB8QEo2g==",
			"funding": [
				{
					"type": "github",
					"url": "https://github.com/sponsors/ai"
				}
			],
			"bin": {
				"nanoid": "bin/nanoid.cjs"
			},
			"engines": {
				"node": "^10 || ^12 || ^13.7 || ^14 || >=15.0.1"
			}
		},
		"node_modules/proxy-from-env": {
			"version": "1.1.0",
			"resolved": "https://registry.npmjs.org/proxy-from-env/-/proxy-from-env-1.1.0.tgz",
			"integrity": "sha512-D+zkORCbA9f1tdWRK0RaCR3GPv50cMxcrz4X8k5LTSUD1Dkw47mKJEZQNunItRTkWwgtaUSo1RVFRIG9ZXiFYg=="
		},
		"node_modules/source-map-js": {
			"version": "1.2.0",
			"resolved": "https://registry.npmjs.org/source-map-js/-/source-map-js-1.2.0.tgz",
			"integrity": "sha512-itJW8lvSA0TXEphiRoawsCksnlf8SyvmFzIhltqAHluXd88pkCd+cXJVHTDwdCr0IzwptSm035IHQktUu1QUMg==",
			"engines": {
				"node": ">=0.10.0"
			}
		},
		"node_modules/universalify": {
			"version": "2.0.1",
			"resolved": "https://registry.npmjs.org/universalify/-/universalify-2.0.1.tgz",
			"integrity": "sha512-gptHNQghINnc/vTGIk0SOFGFNXw7JVrlRUtConJRlvaw6DuX0wO5Jeko9sWrMBhh+PsYAZ7oXAiOnf/UKogyiw==",
			"engines": {
				"node": ">= 10.0.0"
			}
		},
		"node_modules/vue": {
			"version": "3.4.27",
			"resolved": "https://registry.npmjs.org/vue/-/vue-3.4.27.tgz",
			"integrity": "sha512-8s/56uK6r01r1icG/aEOHqyMVxd1bkYcSe9j8HcKtr/xTOFWvnzIVTehNW+5Yt89f+DLBe4A569pnZLS5HzAMA==",
			"dependencies": {
				"@vue/compiler-dom": "3.4.27",
				"@vue/compiler-sfc": "3.4.27",
				"@vue/runtime-dom": "3.4.27",
				"@vue/server-renderer": "3.4.27",
				"@vue/shared": "3.4.27"
			},
			"peerDependencies": {
				"typescript": "*"
			},
			"peerDependenciesMeta": {
				"typescript": {
					"optional": true
				}
			}
		}
	}
}
